
Microsoft Visual Studio Solution File, Format Version 12.00
# Visual Studio Version 17
VisualStudioVersion = 17.3.32811.315
MinimumVisualStudioVersion = 10.0.40219.1
Project("{FAE04EC0-301F-11D3-BF4B-00C04F79EFBC}") = "aumentarDia", "aumentarDia\aumentarDia.csproj", "{1822BE66-C404-4897-8BC2-AD2A26E0ED9D}"
EndProject
Global
	GlobalSection(SolutionConfigurationPlatforms) = preSolution
		Debug|Any CPU = Debug|Any CPU
		Release|Any CPU = Release|Any CPU
	EndGlobalSection
	GlobalSection(ProjectConfigurationPlatforms) = postSolution
		{1822BE66-C404-4897-8BC2-AD2A26E0ED9D}.Debug|Any CPU.ActiveCfg = Debug|Any CPU
		{1822BE66-C404-4897-8BC2-AD2A26E0ED9D}.Debug|Any CPU.Build.0 = Debug|Any CPU
		{1822BE66-C404-4897-8BC2-AD2A26E0ED9D}.Release|Any CPU.ActiveCfg = Release|Any CPU
		{1822BE66-C404-4897-8BC2-AD2A26E0ED9D}.Release|Any CPU.Build.0 = Release|Any CPU
	EndGlobalSection
	GlobalSection(SolutionProperties) = preSolution
		HideSolutionNode = FALSE
	EndGlobalSection
	GlobalSection(ExtensibilityGlobals) = postSolution
		SolutionGuid = {4641D67F-B269-4E5F-836F-ED9EDA2E6D07}
	EndGlobalSection
EndGlobal
